
Microsoft Visual Studio Solution File, Format Version 12.00
# Visual Studio Version 17
VisualStudioVersion = 17.12.35707.178
MinimumVisualStudioVersion = 10.0.40219.1
Project("{FAE04EC0-301F-11D3-BF4B-00C04F79EFBC}") = "Bean-Scene-Reservation", "Bean-Scene-Reservation\Bean-Scene-Reservation.csproj", "{873A771A-1488-427B-A0BD-3CDBCE6D3E48}"
EndProject
Project("{FAE04EC0-301F-11D3-BF4B-00C04F79EFBC}") = "Bean-Scene-Reservation.Tests", "Bean-Scene-Reservation.Tests\Bean-Scene-Reservation.Tests.csproj", "{DDCF77EA-1F67-47CA-9C96-0B5D328AB6FF}"
EndProject
Global
	GlobalSection(SolutionConfigurationPlatforms) = preSolution
		Debug|Any CPU = Debug|Any CPU
		Release|Any CPU = Release|Any CPU
	EndGlobalSection
	GlobalSection(ProjectConfigurationPlatforms) = postSolution
		{873A771A-1488-427B-A0BD-3CDBCE6D3E48}.Debug|Any CPU.ActiveCfg = Debug|Any CPU
		{873A771A-1488-427B-A0BD-3CDBCE6D3E48}.Debug|Any CPU.Build.0 = Debug|Any CPU
		{873A771A-1488-427B-A0BD-3CDBCE6D3E48}.Release|Any CPU.ActiveCfg = Release|Any CPU
		{873A771A-1488-427B-A0BD-3CDBCE6D3E48}.Release|Any CPU.Build.0 = Release|Any CPU
		{DDCF77EA-1F67-47CA-9C96-0B5D328AB6FF}.Debug|Any CPU.ActiveCfg = Debug|Any CPU
		{DDCF77EA-1F67-47CA-9C96-0B5D328AB6FF}.Debug|Any CPU.Build.0 = Debug|Any CPU
		{DDCF77EA-1F67-47CA-9C96-0B5D328AB6FF}.Release|Any CPU.ActiveCfg = Release|Any CPU
		{DDCF77EA-1F67-47CA-9C96-0B5D328AB6FF}.Release|Any CPU.Build.0 = Release|Any CPU
	EndGlobalSection
	GlobalSection(SolutionProperties) = preSolution
		HideSolutionNode = FALSE
	EndGlobalSection
	GlobalSection(ExtensibilityGlobals) = postSolution
		SolutionGuid = {5947CD34-E425-40FB-AAD2-FD5AB7705335}
	EndGlobalSection
EndGlobal
